
Microsoft Visual Studio Solution File, Format Version 12.00
# Visual Studio Version 16
VisualStudioVersion = 16.0.30717.126
MinimumVisualStudioVersion = 10.0.40219.1
Project("{FAE04EC0-301F-11D3-BF4B-00C04F79EFBC}") = "AlloyDemo", "AlloyDemo\AlloyDemo.csproj", "{C6E923C6-6C7C-412A-B687-2C4BF059CCA3}"
EndProject
Global
	GlobalSection(SolutionConfigurationPlatforms) = preSolution
		Debug|Any CPU = Debug|Any CPU
		Release|Any CPU = Release|Any CPU
	EndGlobalSection
	GlobalSection(ProjectConfigurationPlatforms) = postSolution
		{C6E923C6-6C7C-412A-B687-2C4BF059CCA3}.Debug|Any CPU.ActiveCfg = Debug|Any CPU
		{C6E923C6-6C7C-412A-B687-2C4BF059CCA3}.Debug|Any CPU.Build.0 = Debug|Any CPU
		{C6E923C6-6C7C-412A-B687-2C4BF059CCA3}.Release|Any CPU.ActiveCfg = Release|Any CPU
		{C6E923C6-6C7C-412A-B687-2C4BF059CCA3}.Release|Any CPU.Build.0 = Release|Any CPU
	EndGlobalSection
	GlobalSection(SolutionProperties) = preSolution
		HideSolutionNode = FALSE
	EndGlobalSection
	GlobalSection(ExtensibilityGlobals) = postSolution
		SolutionGuid = {25AB4062-8086-4822-BD4A-1F8289557C95}
	EndGlobalSection
EndGlobal
